# This file is automatically @generated by Cargo.
# It is not intended for manual editing.
version = 3

[[package]]
name = "Concorrenza"
version = "0.1.0"

[[package]]
name = "EsempiEsame"
version = "0.1.0"

[[package]]
name = "Polimorfismo"
version = "0.1.0"

[[package]]
name = "SmartPointers"
version = "0.1.0"
